
Microsoft Visual Studio Solution File, Format Version 12.00
# Visual Studio Version 17
VisualStudioVersion = 17.4.33213.308
MinimumVisualStudioVersion = 10.0.40219.1
Project("{FAE04EC0-301F-11D3-BF4B-00C04F79EFBC}") = "ContactoDb", "ContactoDb\ContactoDb.csproj", "{D159B327-5814-4B1B-8C09-27122DFFA2C1}"
EndProject
Global
	GlobalSection(SolutionConfigurationPlatforms) = preSolution
		Debug|Any CPU = Debug|Any CPU
		Release|Any CPU = Release|Any CPU
	EndGlobalSection
	GlobalSection(ProjectConfigurationPlatforms) = postSolution
		{D159B327-5814-4B1B-8C09-27122DFFA2C1}.Debug|Any CPU.ActiveCfg = Debug|Any CPU
		{D159B327-5814-4B1B-8C09-27122DFFA2C1}.Debug|Any CPU.Build.0 = Debug|Any CPU
		{D159B327-5814-4B1B-8C09-27122DFFA2C1}.Release|Any CPU.ActiveCfg = Release|Any CPU
		{D159B327-5814-4B1B-8C09-27122DFFA2C1}.Release|Any CPU.Build.0 = Release|Any CPU
	EndGlobalSection
	GlobalSection(SolutionProperties) = preSolution
		HideSolutionNode = FALSE
	EndGlobalSection
	GlobalSection(ExtensibilityGlobals) = postSolution
		SolutionGuid = {ACA691DE-7E73-4456-A6A0-5C1953AD6931}
	EndGlobalSection
EndGlobal
